
Microsoft Visual Studio Solution File, Format Version 12.00
# Visual Studio Version 17
VisualStudioVersion = 17.7.34031.279
MinimumVisualStudioVersion = 10.0.40219.1
Project("{FAE04EC0-301F-11D3-BF4B-00C04F79EFBC}") = "Dictionary LAMBDA", "Dictionary LAMBDA\Dictionary LAMBDA.csproj", "{281FBE0D-2E2B-4F07-ABE0-DB15D8DBE2B8}"
EndProject
Project("{9A19103F-16F7-4668-BE54-9A1E7A4F7556}") = "TestApp.Tests", "..\..\..\Desktop\TestApp.Tests\TestApp.Tests.csproj", "{7B349E9C-99D9-46C1-8564-0F96823072DD}"
EndProject
Project("{9A19103F-16F7-4668-BE54-9A1E7A4F7556}") = "TestApp", "..\..\..\Desktop\TestApp\TestApp.csproj", "{219A50F9-928A-43A5-9885-FF41B435D3FD}"
EndProject
Global
	GlobalSection(SolutionConfigurationPlatforms) = preSolution
		Debug|Any CPU = Debug|Any CPU
		Release|Any CPU = Release|Any CPU
	EndGlobalSection
	GlobalSection(ProjectConfigurationPlatforms) = postSolution
		{281FBE0D-2E2B-4F07-ABE0-DB15D8DBE2B8}.Debug|Any CPU.ActiveCfg = Debug|Any CPU
		{281FBE0D-2E2B-4F07-ABE0-DB15D8DBE2B8}.Debug|Any CPU.Build.0 = Debug|Any CPU
		{281FBE0D-2E2B-4F07-ABE0-DB15D8DBE2B8}.Release|Any CPU.ActiveCfg = Release|Any CPU
		{281FBE0D-2E2B-4F07-ABE0-DB15D8DBE2B8}.Release|Any CPU.Build.0 = Release|Any CPU
		{7B349E9C-99D9-46C1-8564-0F96823072DD}.Debug|Any CPU.ActiveCfg = Debug|Any CPU
		{7B349E9C-99D9-46C1-8564-0F96823072DD}.Debug|Any CPU.Build.0 = Debug|Any CPU
		{7B349E9C-99D9-46C1-8564-0F96823072DD}.Release|Any CPU.ActiveCfg = Release|Any CPU
		{7B349E9C-99D9-46C1-8564-0F96823072DD}.Release|Any CPU.Build.0 = Release|Any CPU
		{219A50F9-928A-43A5-9885-FF41B435D3FD}.Debug|Any CPU.ActiveCfg = Debug|Any CPU
		{219A50F9-928A-43A5-9885-FF41B435D3FD}.Debug|Any CPU.Build.0 = Debug|Any CPU
		{219A50F9-928A-43A5-9885-FF41B435D3FD}.Release|Any CPU.ActiveCfg = Release|Any CPU
		{219A50F9-928A-43A5-9885-FF41B435D3FD}.Release|Any CPU.Build.0 = Release|Any CPU
	EndGlobalSection
	GlobalSection(SolutionProperties) = preSolution
		HideSolutionNode = FALSE
	EndGlobalSection
	GlobalSection(ExtensibilityGlobals) = postSolution
		SolutionGuid = {B98DC732-F85B-4593-8F13-A8607993B067}
	EndGlobalSection
EndGlobal
